// !$*UTF8*$!
{
	archiveVersion = 1;
	classes = {
	};
	objectVersion = 56;
	objects = {

/* Begin PBXBuildFile section */
		84E6F19829CC8281007341A3 /* GitHubActionsUITestApp.swift in Sources */ = {isa = PBXBuildFile; fileRef = 84E6F19729CC8281007341A3 /* GitHubActionsUITestApp.swift */; };
		84E6F19A29CC8281007341A3 /* ContentView.swift in Sources */ = {isa = PBXBuildFile; fileRef = 84E6F19929CC8281007341A3 /* ContentView.swift */; };
		84E6F19C29CC8283007341A3 /* Assets.xcassets in Resources */ = {isa = PBXBuildFile; fileRef = 84E6F19B29CC8283007341A3 /* Assets.xcassets */; };
		84E6F1A029CC8283007341A3 /* Preview Assets.xcassets in Resources */ = {isa = PBXBuildFile; fileRef = 84E6F19F29CC8283007341A3 /* Preview Assets.xcassets */; };
		84E6F1AA29CC8283007341A3 /* GitHubActionsUITestTests.swift in Sources */ = {isa = PBXBuildFile; fileRef = 84E6F1A929CC8283007341A3 /* GitHubActionsUITestTests.swift */; };
		84E6F1B429CC8283007341A3 /* GitHubActionsUITestUITests.swift in Sources */ = {isa = PBXBuildFile; fileRef = 84E6F1B329CC8283007341A3 /* GitHubActionsUITestUITests.swift */; };
		84E6F1B629CC8283007341A3 /* GitHubActionsUITestUITestsLaunchTests.swift in Sources */ = {isa = PBXBuildFile; fileRef = 84E6F1B529CC8283007341A3 /* GitHubActionsUITestUITestsLaunchTests.swift */; };
/* End PBXBuildFile section */

/* Begin PBXContainerItemProxy section */
		84E6F1A629CC8283007341A3 /* PBXContainerItemProxy */ = {
			isa = PBXContainerItemProxy;
			containerPortal = 84E6F18C29CC8281007341A3 /* Project object */;
			proxyType = 1;
			remoteGlobalIDString = 84E6F19329CC8281007341A3;
			remoteInfo = GitHubActionsUITest;
		};
		84E6F1B029CC8283007341A3 /* PBXContainerItemProxy */ = {
			isa = PBXContainerItemProxy;
			containerPortal = 84E6F18C29CC8281007341A3 /* Project object */;
			proxyType = 1;
			remoteGlobalIDString = 84E6F19329CC8281007341A3;
			remoteInfo = GitHubActionsUITest;
		};
/* End PBXContainerItemProxy section */

/* Begin PBXFileReference section */
		84E6F19429CC8281007341A3 /* GitHubActionsUITest.app */ = {isa = PBXFileReference; explicitFileType = wrapper.application; includeInIndex = 0; path = GitHubActionsUITest.app; sourceTree = BUILT_PRODUCTS_DIR; };
		84E6F19729CC8281007341A3 /* GitHubActionsUITestApp.swift */ = {isa = PBXFileReference; lastKnownFileType = sourcecode.swift; path = GitHubActionsUITestApp.swift; sourceTree = "<group>"; };
		84E6F19929CC8281007341A3 /* ContentView.swift */ = {isa = PBXFileReference; lastKnownFileType = sourcecode.swift; path = ContentView.swift; sourceTree = "<group>"; };
		84E6F19B29CC8283007341A3 /* Assets.xcassets */ = {isa = PBXFileReference; lastKnownFileType = folder.assetcatalog; path = Assets.xcassets; sourceTree = "<group>"; };
		84E6F19D29CC8283007341A3 /* GitHubActionsUITest.entitlements */ = {isa = PBXFileReference; lastKnownFileType = text.plist.entitlements; path = GitHubActionsUITest.entitlements; sourceTree = "<group>"; };
		84E6F19F29CC8283007341A3 /* Preview Assets.xcassets */ = {isa = PBXFileReference; lastKnownFileType = folder.assetcatalog; path = "Preview Assets.xcassets"; sourceTree = "<group>"; };
		84E6F1A529CC8283007341A3 /* GitHubActionsUITestTests.xctest */ = {isa = PBXFileReference; explicitFileType = wrapper.cfbundle; includeInIndex = 0; path = GitHubActionsUITestTests.xctest; sourceTree = BUILT_PRODUCTS_DIR; };
		84E6F1A929CC8283007341A3 /* GitHubActionsUITestTests.swift */ = {isa = PBXFileReference; lastKnownFileType = sourcecode.swift; path = GitHubActionsUITestTests.swift; sourceTree = "<group>"; };
		84E6F1AF29CC8283007341A3 /* GitHubActionsUITestUITests.xctest */ = {isa = PBXFileReference; explicitFileType = wrapper.cfbundle; includeInIndex = 0; path = GitHubActionsUITestUITests.xctest; sourceTree = BUILT_PRODUCTS_DIR; };
		84E6F1B329CC8283007341A3 /* GitHubActionsUITestUITests.swift */ = {isa = PBXFileReference; lastKnownFileType = sourcecode.swift; path = GitHubActionsUITestUITests.swift; sourceTree = "<group>"; };
		84E6F1B529CC8283007341A3 /* GitHubActionsUITestUITestsLaunchTests.swift */ = {isa = PBXFileReference; lastKnownFileType = sourcecode.swift; path = GitHubActionsUITestUITestsLaunchTests.swift; sourceTree = "<group>"; };
/* End PBXFileReference section */

/* Begin PBXFrameworksBuildPhase section */
		84E6F19129CC8281007341A3 /* Frameworks */ = {
			isa = PBXFrameworksBuildPhase;
			buildActionMask = 2147483647;
			files = (
			);
			runOnlyForDeploymentPostprocessing = 0;
		};
		84E6F1A229CC8283007341A3 /* Frameworks */ = {
			isa = PBXFrameworksBuildPhase;
			buildActionMask = 2147483647;
			files = (
			);
			runOnlyForDeploymentPostprocessing = 0;
		};
		84E6F1AC29CC8283007341A3 /* Frameworks */ = {
			isa = PBXFrameworksBuildPhase;
			buildActionMask = 2147483647;
			files = (
			);
			runOnlyForDeploymentPostprocessing = 0;
		};
/* End PBXFrameworksBuildPhase section */

/* Begin PBXGroup section */
		84E6F18B29CC8281007341A3 = {
			isa = PBXGroup;
			children = (
				84E6F19629CC8281007341A3 /* GitHubActionsUITest */,
				84E6F1A829CC8283007341A3 /* GitHubActionsUITestTests */,
				84E6F1B229CC8283007341A3 /* GitHubActionsUITestUITests */,
				84E6F19529CC8281007341A3 /* Products */,
			);
			sourceTree = "<group>";
		};
		84E6F19529CC8281007341A3 /* Products */ = {
			isa = PBXGroup;
			children = (
				84E6F19429CC8281007341A3 /* GitHubActionsUITest.app */,
				84E6F1A529CC8283007341A3 /* GitHubActionsUITestTests.xctest */,
				84E6F1AF29CC8283007341A3 /* GitHubActionsUITestUITests.xctest */,
			);
			name = Products;
			sourceTree = "<group>";
		};
		84E6F19629CC8281007341A3 /* GitHubActionsUITest */ = {
			isa = PBXGroup;
			children = (
				84E6F19729CC8281007341A3 /* GitHubActionsUITestApp.swift */,
				84E6F19929CC8281007341A3 /* ContentView.swift */,
				84E6F19B29CC8283007341A3 /* Assets.xcassets */,
				84E6F19D29CC8283007341A3 /* GitHubActionsUITest.entitlements */,
				84E6F19E29CC8283007341A3 /* Preview Content */,
			);
			path = GitHubActionsUITest;
			sourceTree = "<group>";
		};
		84E6F19E29CC8283007341A3 /* Preview Content */ = {
			isa = PBXGroup;
			children = (
				84E6F19F29CC8283007341A3 /* Preview Assets.xcassets */,
			);
			path = "Preview Content";
			sourceTree = "<group>";
		};
		84E6F1A829CC8283007341A3 /* GitHubActionsUITestTests */ = {
			isa = PBXGroup;
			children = (
				84E6F1A929CC8283007341A3 /* GitHubActionsUITestTests.swift */,
			);
			path = GitHubActionsUITestTests;
			sourceTree = "<group>";
		};
		84E6F1B229CC8283007341A3 /* GitHubActionsUITestUITests */ = {
			isa = PBXGroup;
			children = (
				84E6F1B329CC8283007341A3 /* GitHubActionsUITestUITests.swift */,
				84E6F1B529CC8283007341A3 /* GitHubActionsUITestUITestsLaunchTests.swift */,
			);
			path = GitHubActionsUITestUITests;
			sourceTree = "<group>";
		};
/* End PBXGroup section */

/* Begin PBXNativeTarget section */
		84E6F19329CC8281007341A3 /* GitHubActionsUITest */ = {
			isa = PBXNativeTarget;
			buildConfigurationList = 84E6F1B929CC8283007341A3 /* Build configuration list for PBXNativeTarget "GitHubActionsUITest" */;
			buildPhases = (
				84E6F19029CC8281007341A3 /* Sources */,
				84E6F19129CC8281007341A3 /* Frameworks */,
				84E6F19229CC8281007341A3 /* Resources */,
			);
			buildRules = (
			);
			dependencies = (
			);
			name = GitHubActionsUITest;
			productName = GitHubActionsUITest;
			productReference = 84E6F19429CC8281007341A3 /* GitHubActionsUITest.app */;
			productType = "com.apple.product-type.application";
		};
		84E6F1A429CC8283007341A3 /* GitHubActionsUITestTests */ = {
			isa = PBXNativeTarget;
			buildConfigurationList = 84E6F1BC29CC8283007341A3 /* Build configuration list for PBXNativeTarget "GitHubActionsUITestTests" */;
			buildPhases = (
				84E6F1A129CC8283007341A3 /* Sources */,
				84E6F1A229CC8283007341A3 /* Frameworks */,
				84E6F1A329CC8283007341A3 /* Resources */,
			);
			buildRules = (
			);
			dependencies = (
				84E6F1A729CC8283007341A3 /* PBXTargetDependency */,
			);
			name = GitHubActionsUITestTests;
			productName = GitHubActionsUITestTests;
			productReference = 84E6F1A529CC8283007341A3 /* GitHubActionsUITestTests.xctest */;
			productType = "com.apple.product-type.bundle.unit-test";
		};
		84E6F1AE29CC8283007341A3 /* GitHubActionsUITestUITests */ = {
			isa = PBXNativeTarget;
			buildConfigurationList = 84E6F1BF29CC8283007341A3 /* Build configuration list for PBXNativeTarget "GitHubActionsUITestUITests" */;
			buildPhases = (
				84E6F1AB29CC8283007341A3 /* Sources */,
				84E6F1AC29CC8283007341A3 /* Frameworks */,
				84E6F1AD29CC8283007341A3 /* Resources */,
			);
			buildRules = (
			);
			dependencies = (
				84E6F1B129CC8283007341A3 /* PBXTargetDependency */,
			);
			name = GitHubActionsUITestUITests;
			productName = GitHubActionsUITestUITests;
			productReference = 84E6F1AF29CC8283007341A3 /* GitHubActionsUITestUITests.xctest */;
			productType = "com.apple.product-type.bundle.ui-testing";
		};
/* End PBXNativeTarget section */

/* Begin PBXProject section */
		84E6F18C29CC8281007341A3 /* Project object */ = {
			isa = PBXProject;
			attributes = {
				BuildIndependentTargetsInParallel = 1;
				LastSwiftUpdateCheck = 1420;
				LastUpgradeCheck = 1420;
				TargetAttributes = {
					84E6F19329CC8281007341A3 = {
						CreatedOnToolsVersion = 14.2;
					};
					84E6F1A429CC8283007341A3 = {
						CreatedOnToolsVersion = 14.2;
						TestTargetID = 84E6F19329CC8281007341A3;
					};
					84E6F1AE29CC8283007341A3 = {
						CreatedOnToolsVersion = 14.2;
						TestTargetID = 84E6F19329CC8281007341A3;
					};
				};
			};
			buildConfigurationList = 84E6F18F29CC8281007341A3 /* Build configuration list for PBXProject "GitHubActionsUITest" */;
			compatibilityVersion = "Xcode 14.0";
			developmentRegion = en;
			hasScannedForEncodings = 0;
			knownRegions = (
				en,
				Base,
			);
			mainGroup = 84E6F18B29CC8281007341A3;
			productRefGroup = 84E6F19529CC8281007341A3 /* Products */;
			projectDirPath = "";
			projectRoot = "";
			targets = (
				84E6F19329CC8281007341A3 /* GitHubActionsUITest */,
				84E6F1A429CC8283007341A3 /* GitHubActionsUITestTests */,
				84E6F1AE29CC8283007341A3 /* GitHubActionsUITestUITests */,
			);
		};
/* End PBXProject section */

/* Begin PBXResourcesBuildPhase section */
		84E6F19229CC8281007341A3 /* Resources */ = {
			isa = PBXResourcesBuildPhase;
			buildActionMask = 2147483647;
			files = (
				84E6F1A029CC8283007341A3 /* Preview Assets.xcassets in Resources */,
				84E6F19C29CC8283007341A3 /* Assets.xcassets in Resources */,
			);
			runOnlyForDeploymentPostprocessing = 0;
		};
		84E6F1A329CC8283007341A3 /* Resources */ = {
			isa = PBXResourcesBuildPhase;
			buildActionMask = 2147483647;
			files = (
			);
			runOnlyForDeploymentPostprocessing = 0;
		};
		84E6F1AD29CC8283007341A3 /* Resources */ = {
			isa = PBXResourcesBuildPhase;
			buildActionMask = 2147483647;
			files = (
			);
			runOnlyForDeploymentPostprocessing = 0;
		};
/* End PBXResourcesBuildPhase section */

/* Begin PBXSourcesBuildPhase section */
		84E6F19029CC8281007341A3 /* Sources */ = {
			isa = PBXSourcesBuildPhase;
			buildActionMask = 2147483647;
			files = (
				84E6F19A29CC8281007341A3 /* ContentView.swift in Sources */,
				84E6F19829CC8281007341A3 /* GitHubActionsUITestApp.swift in Sources */,
			);
			runOnlyForDeploymentPostprocessing = 0;
		};
		84E6F1A129CC8283007341A3 /* Sources */ = {
			isa = PBXSourcesBuildPhase;
			buildActionMask = 2147483647;
			files = (
				84E6F1AA29CC8283007341A3 /* GitHubActionsUITestTests.swift in Sources */,
			);
			runOnlyForDeploymentPostprocessing = 0;
		};
		84E6F1AB29CC8283007341A3 /* Sources */ = {
			isa = PBXSourcesBuildPhase;
			buildActionMask = 2147483647;
			files = (
				84E6F1B429CC8283007341A3 /* GitHubActionsUITestUITests.swift in Sources */,
				84E6F1B629CC8283007341A3 /* GitHubActionsUITestUITestsLaunchTests.swift in Sources */,
			);
			runOnlyForDeploymentPostprocessing = 0;
		};
/* End PBXSourcesBuildPhase section */

/* Begin PBXTargetDependency section */
		84E6F1A729CC8283007341A3 /* PBXTargetDependency */ = {
			isa = PBXTargetDependency;
			target = 84E6F19329CC8281007341A3 /* GitHubActionsUITest */;
			targetProxy = 84E6F1A629CC8283007341A3 /* PBXContainerItemProxy */;
		};
		84E6F1B129CC8283007341A3 /* PBXTargetDependency */ = {
			isa = PBXTargetDependency;
			target = 84E6F19329CC8281007341A3 /* GitHubActionsUITest */;
			targetProxy = 84E6F1B029CC8283007341A3 /* PBXContainerItemProxy */;
		};
/* End PBXTargetDependency section */

/* Begin XCBuildConfiguration section */
		84E6F1B729CC8283007341A3 /* Debug */ = {
			isa = XCBuildConfiguration;
			buildSettings = {
				ALWAYS_SEARCH_USER_PATHS = NO;
				CLANG_ANALYZER_NONNULL = YES;
				CLANG_ANALYZER_NUMBER_OBJECT_CONVERSION = YES_AGGRESSIVE;
				CLANG_CXX_LANGUAGE_STANDARD = "gnu++20";
				CLANG_ENABLE_MODULES = YES;
				CLANG_ENABLE_OBJC_ARC = YES;
				CLANG_ENABLE_OBJC_WEAK = YES;
				CLANG_WARN_BLOCK_CAPTURE_AUTORELEASING = YES;
				CLANG_WARN_BOOL_CONVERSION = YES;
				CLANG_WARN_COMMA = YES;
				CLANG_WARN_CONSTANT_CONVERSION = YES;
				CLANG_WARN_DEPRECATED_OBJC_IMPLEMENTATIONS = YES;
				CLANG_WARN_DIRECT_OBJC_ISA_USAGE = YES_ERROR;
				CLANG_WARN_DOCUMENTATION_COMMENTS = YES;
				CLANG_WARN_EMPTY_BODY = YES;
				CLANG_WARN_ENUM_CONVERSION = YES;
				CLANG_WARN_INFINITE_RECURSION = YES;
				CLANG_WARN_INT_CONVERSION = YES;
				CLANG_WARN_NON_LITERAL_NULL_CONVERSION = YES;
				CLANG_WARN_OBJC_IMPLICIT_RETAIN_SELF = YES;
				CLANG_WARN_OBJC_LITERAL_CONVERSION = YES;
				CLANG_WARN_OBJC_ROOT_CLASS = YES_ERROR;
				CLANG_WARN_QUOTED_INCLUDE_IN_FRAMEWORK_HEADER = YES;
				CLANG_WARN_RANGE_LOOP_ANALYSIS = YES;
				CLANG_WARN_STRICT_PROTOTYPES = YES;
				CLANG_WARN_SUSPICIOUS_MOVE = YES;
				CLANG_WARN_UNGUARDED_AVAILABILITY = YES_AGGRESSIVE;
				CLANG_WARN_UNREACHABLE_CODE = YES;
				CLANG_WARN__DUPLICATE_METHOD_MATCH = YES;
				COPY_PHASE_STRIP = NO;
				DEBUG_INFORMATION_FORMAT = dwarf;
				ENABLE_STRICT_OBJC_MSGSEND = YES;
				ENABLE_TESTABILITY = YES;
				GCC_C_LANGUAGE_STANDARD = gnu11;
				GCC_DYNAMIC_NO_PIC = NO;
				GCC_NO_COMMON_BLOCKS = YES;
				GCC_OPTIMIZATION_LEVEL = 0;
				GCC_PREPROCESSOR_DEFINITIONS = (
					"DEBUG=1",
					"$(inherited)",
				);
				GCC_WARN_64_TO_32_BIT_CONVERSION = YES;
				GCC_WARN_ABOUT_RETURN_TYPE = YES_ERROR;
				GCC_WARN_UNDECLARED_SELECTOR = YES;
				GCC_WARN_UNINITIALIZED_AUTOS = YES_AGGRESSIVE;
				GCC_WARN_UNUSED_FUNCTION = YES;
				GCC_WARN_UNUSED_VARIABLE = YES;
				MTL_ENABLE_DEBUG_INFO = INCLUDE_SOURCE;
				MTL_FAST_MATH = YES;
				ONLY_ACTIVE_ARCH = YES;
				SWIFT_ACTIVE_COMPILATION_CONDITIONS = DEBUG;
				SWIFT_OPTIMIZATION_LEVEL = "-Onone";
			};
			name = Debug;
		};
		84E6F1B829CC8283007341A3 /* Release */ = {
			isa = XCBuildConfiguration;
			buildSettings = {
				ALWAYS_SEARCH_USER_PATHS = NO;
				CLANG_ANALYZER_NONNULL = YES;
				CLANG_ANALYZER_NUMBER_OBJECT_CONVERSION = YES_AGGRESSIVE;
				CLANG_CXX_LANGUAGE_STANDARD = "gnu++20";
				CLANG_ENABLE_MODULES = YES;
				CLANG_ENABLE_OBJC_ARC = YES;
				CLANG_ENABLE_OBJC_WEAK = YES;
				CLANG_WARN_BLOCK_CAPTURE_AUTORELEASING = YES;
				CLANG_WARN_BOOL_CONVERSION = YES;
				CLANG_WARN_COMMA = YES;
				CLANG_WARN_CONSTANT_CONVERSION = YES;
				CLANG_WARN_DEPRECATED_OBJC_IMPLEMENTATIONS = YES;
				CLANG_WARN_DIRECT_OBJC_ISA_USAGE = YES_ERROR;
				CLANG_WARN_DOCUMENTATION_COMMENTS = YES;
				CLANG_WARN_EMPTY_BODY = YES;
				CLANG_WARN_ENUM_CONVERSION = YES;
				CLANG_WARN_INFINITE_RECURSION = YES;
				CLANG_WARN_INT_CONVERSION = YES;
				CLANG_WARN_NON_LITERAL_NULL_CONVERSION = YES;
				CLANG_WARN_OBJC_IMPLICIT_RETAIN_SELF = YES;
				CLANG_WARN_OBJC_LITERAL_CONVERSION = YES;
				CLANG_WARN_OBJC_ROOT_CLASS = YES_ERROR;
				CLANG_WARN_QUOTED_INCLUDE_IN_FRAMEWORK_HEADER = YES;
				CLANG_WARN_RANGE_LOOP_ANALYSIS = YES;
				CLANG_WARN_STRICT_PROTOTYPES = YES;
				CLANG_WARN_SUSPICIOUS_MOVE = YES;
				CLANG_WARN_UNGUARDED_AVAILABILITY = YES_AGGRESSIVE;
				CLANG_WARN_UNREACHABLE_CODE = YES;
				CLANG_WARN__DUPLICATE_METHOD_MATCH = YES;
				COPY_PHASE_STRIP = NO;
				DEBUG_INFORMATION_FORMAT = "dwarf-with-dsym";
				ENABLE_NS_ASSERTIONS = NO;
				ENABLE_STRICT_OBJC_MSGSEND = YES;
				GCC_C_LANGUAGE_STANDARD = gnu11;
				GCC_NO_COMMON_BLOCKS = YES;
				GCC_WARN_64_TO_32_BIT_CONVERSION = YES;
				GCC_WARN_ABOUT_RETURN_TYPE = YES_ERROR;
				GCC_WARN_UNDECLARED_SELECTOR = YES;
				GCC_WARN_UNINITIALIZED_AUTOS = YES_AGGRESSIVE;
				GCC_WARN_UNUSED_FUNCTION = YES;
				GCC_WARN_UNUSED_VARIABLE = YES;
				MTL_ENABLE_DEBUG_INFO = NO;
				MTL_FAST_MATH = YES;
				SWIFT_COMPILATION_MODE = wholemodule;
				SWIFT_OPTIMIZATION_LEVEL = "-O";
			};
			name = Release;
		};
		84E6F1BA29CC8283007341A3 /* Debug */ = {
			isa = XCBuildConfiguration;
			buildSettings = {
				ASSETCATALOG_COMPILER_APPICON_NAME = AppIcon;
				ASSETCATALOG_COMPILER_GLOBAL_ACCENT_COLOR_NAME = AccentColor;
				CODE_SIGN_ENTITLEMENTS = GitHubActionsUITest/GitHubActionsUITest.entitlements;
				CODE_SIGN_STYLE = Automatic;
				CURRENT_PROJECT_VERSION = 1;
				DEVELOPMENT_ASSET_PATHS = "\"GitHubActionsUITest/Preview Content\"";
				ENABLE_PREVIEWS = YES;
				GENERATE_INFOPLIST_FILE = YES;
				"INFOPLIST_KEY_UIApplicationSceneManifest_Generation[sdk=iphoneos*]" = YES;
				"INFOPLIST_KEY_UIApplicationSceneManifest_Generation[sdk=iphonesimulator*]" = YES;
				"INFOPLIST_KEY_UIApplicationSupportsIndirectInputEvents[sdk=iphoneos*]" = YES;
				"INFOPLIST_KEY_UIApplicationSupportsIndirectInputEvents[sdk=iphonesimulator*]" = YES;
				"INFOPLIST_KEY_UILaunchScreen_Generation[sdk=iphoneos*]" = YES;
				"INFOPLIST_KEY_UILaunchScreen_Generation[sdk=iphonesimulator*]" = YES;
				"INFOPLIST_KEY_UIStatusBarStyle[sdk=iphoneos*]" = UIStatusBarStyleDefault;
				"INFOPLIST_KEY_UIStatusBarStyle[sdk=iphonesimulator*]" = UIStatusBarStyleDefault;
				INFOPLIST_KEY_UISupportedInterfaceOrientations_iPad = "UIInterfaceOrientationPortrait UIInterfaceOrientationPortraitUpsideDown UIInterfaceOrientationLandscapeLeft UIInterfaceOrientationLandscapeRight";
				INFOPLIST_KEY_UISupportedInterfaceOrientations_iPhone = "UIInterfaceOrientationPortrait UIInterfaceOrientationLandscapeLeft UIInterfaceOrientationLandscapeRight";
				IPHONEOS_DEPLOYMENT_TARGET = 15.0;
				LD_RUNPATH_SEARCH_PATHS = "@executable_path/Frameworks";
				"LD_RUNPATH_SEARCH_PATHS[sdk=macosx*]" = "@executable_path/../Frameworks";
				MACOSX_DEPLOYMENT_TARGET = 12.3;
				MARKETING_VERSION = 1.0;
				PRODUCT_BUNDLE_IDENTIFIER = com.extensiontest.GitHubActionsUITest;
				PRODUCT_NAME = "$(TARGET_NAME)";
				SDKROOT = auto;
				SUPPORTED_PLATFORMS = "iphoneos iphonesimulator macosx";
				SWIFT_EMIT_LOC_STRINGS = YES;
				SWIFT_VERSION = 5.0;
				TARGETED_DEVICE_FAMILY = "1,2";
			};
			name = Debug;
		};
		84E6F1BB29CC8283007341A3 /* Release */ = {
			isa = XCBuildConfiguration;
			buildSettings = {
				ASSETCATALOG_COMPILER_APPICON_NAME = AppIcon;
				ASSETCATALOG_COMPILER_GLOBAL_ACCENT_COLOR_NAME = AccentColor;
				CODE_SIGN_ENTITLEMENTS = GitHubActionsUITest/GitHubActionsUITest.entitlements;
				CODE_SIGN_STYLE = Automatic;
				CURRENT_PROJECT_VERSION = 1;
				DEVELOPMENT_ASSET_PATHS = "\"GitHubActionsUITest/Preview Content\"";
				ENABLE_PREVIEWS = YES;
				GENERATE_INFOPLIST_FILE = YES;
				"INFOPLIST_KEY_UIApplicationSceneManifest_Generation[sdk=iphoneos*]" = YES;
				"INFOPLIST_KEY_UIApplicationSceneManifest_Generation[sdk=iphonesimulator*]" = YES;
				"INFOPLIST_KEY_UIApplicationSupportsIndirectInputEvents[sdk=iphoneos*]" = YES;
				"INFOPLIST_KEY_UIApplicationSupportsIndirectInputEvents[sdk=iphonesimulator*]" = YES;
				"INFOPLIST_KEY_UILaunchScreen_Generation[sdk=iphoneos*]" = YES;
				"INFOPLIST_KEY_UILaunchScreen_Generation[sdk=iphonesimulator*]" = YES;
				"INFOPLIST_KEY_UIStatusBarStyle[sdk=iphoneos*]" = UIStatusBarStyleDefault;
				"INFOPLIST_KEY_UIStatusBarStyle[sdk=iphonesimulator*]" = UIStatusBarStyleDefault;
				INFOPLIST_KEY_UISupportedInterfaceOrientations_iPad = "UIInterfaceOrientationPortrait UIInterfaceOrientationPortraitUpsideDown UIInterfaceOrientationLandscapeLeft UIInterfaceOrientationLandscapeRight";
				INFOPLIST_KEY_UISupportedInterfaceOrientations_iPhone = "UIInterfaceOrientationPortrait UIInterfaceOrientationLandscapeLeft UIInterfaceOrientationLandscapeRight";
				IPHONEOS_DEPLOYMENT_TARGET = 16.2;
				LD_RUNPATH_SEARCH_PATHS = "@executable_path/Frameworks";
				"LD_RUNPATH_SEARCH_PATHS[sdk=macosx*]" = "@executable_path/../Frameworks";
				MACOSX_DEPLOYMENT_TARGET = 12.3;
				MARKETING_VERSION = 1.0;
				PRODUCT_BUNDLE_IDENTIFIER = com.extensiontest.GitHubActionsUITest;
				PRODUCT_NAME = "$(TARGET_NAME)";
				SDKROOT = auto;
				SUPPORTED_PLATFORMS = "iphoneos iphonesimulator macosx";
				SWIFT_EMIT_LOC_STRINGS = YES;
				SWIFT_VERSION = 5.0;
				TARGETED_DEVICE_FAMILY = "1,2";
			};
			name = Release;
		};
		84E6F1BD29CC8283007341A3 /* Debug */ = {
			isa = XCBuildConfiguration;
			buildSettings = {
				ALWAYS_EMBED_SWIFT_STANDARD_LIBRARIES = YES;
				BUNDLE_LOADER = "$(TEST_HOST)";
				CODE_SIGN_STYLE = Automatic;
				CURRENT_PROJECT_VERSION = 1;
				GENERATE_INFOPLIST_FILE = YES;
				IPHONEOS_DEPLOYMENT_TARGET = 15.0;
				MACOSX_DEPLOYMENT_TARGET = 12.3;
				MARKETING_VERSION = 1.0;
				PRODUCT_BUNDLE_IDENTIFIER = com.extensiontest.GitHubActionsUITestTests;
				PRODUCT_NAME = "$(TARGET_NAME)";
				SDKROOT = auto;
				SUPPORTED_PLATFORMS = "iphoneos iphonesimulator macosx";
				SWIFT_EMIT_LOC_STRINGS = NO;
				SWIFT_VERSION = 5.0;
				TARGETED_DEVICE_FAMILY = "1,2";
				TEST_HOST = "$(BUILT_PRODUCTS_DIR)/GitHubActionsUITest.app/$(BUNDLE_EXECUTABLE_FOLDER_PATH)/GitHubActionsUITest";
			};
			name = Debug;
		};
		84E6F1BE29CC8283007341A3 /* Release */ = {
			isa = XCBuildConfiguration;
			buildSettings = {
				ALWAYS_EMBED_SWIFT_STANDARD_LIBRARIES = YES;
				BUNDLE_LOADER = "$(TEST_HOST)";
				CODE_SIGN_STYLE = Automatic;
				CURRENT_PROJECT_VERSION = 1;
				GENERATE_INFOPLIST_FILE = YES;
				IPHONEOS_DEPLOYMENT_TARGET = 15.0;
				MACOSX_DEPLOYMENT_TARGET = 12.3;
				MARKETING_VERSION = 1.0;
				PRODUCT_BUNDLE_IDENTIFIER = com.extensiontest.GitHubActionsUITestTests;
				PRODUCT_NAME = "$(TARGET_NAME)";
				SDKROOT = auto;
				SUPPORTED_PLATFORMS = "iphoneos iphonesimulator macosx";
				SWIFT_EMIT_LOC_STRINGS = NO;
				SWIFT_VERSION = 5.0;
				TARGETED_DEVICE_FAMILY = "1,2";
				TEST_HOST = "$(BUILT_PRODUCTS_DIR)/GitHubActionsUITest.app/$(BUNDLE_EXECUTABLE_FOLDER_PATH)/GitHubActionsUITest";
			};
			name = Release;
		};
		84E6F1C029CC8283007341A3 /* Debug */ = {
			isa = XCBuildConfiguration;
			buildSettings = {
				ALWAYS_EMBED_SWIFT_STANDARD_LIBRARIES = YES;
				CODE_SIGN_STYLE = Automatic;
				CURRENT_PROJECT_VERSION = 1;
				GENERATE_INFOPLIST_FILE = YES;
				IPHONEOS_DEPLOYMENT_TARGET = 15.0;
				MACOSX_DEPLOYMENT_TARGET = 12.3;
				MARKETING_VERSION = 1.0;
				PRODUCT_BUNDLE_IDENTIFIER = com.extensiontest.GitHubActionsUITestUITests;
				PRODUCT_NAME = "$(TARGET_NAME)";
				SDKROOT = auto;
				SUPPORTED_PLATFORMS = "iphoneos iphonesimulator macosx";
				SWIFT_EMIT_LOC_STRINGS = NO;
				SWIFT_VERSION = 5.0;
				TARGETED_DEVICE_FAMILY = "1,2";
				TEST_TARGET_NAME = GitHubActionsUITest;
			};
			name = Debug;
		};
		84E6F1C129CC8283007341A3 /* Release */ = {
			isa = XCBuildConfiguration;
			buildSettings = {
				ALWAYS_EMBED_SWIFT_STANDARD_LIBRARIES = YES;
				CODE_SIGN_STYLE = Automatic;
				CURRENT_PROJECT_VERSION = 1;
				GENERATE_INFOPLIST_FILE = YES;
				IPHONEOS_DEPLOYMENT_TARGET = 15.0;
				MACOSX_DEPLOYMENT_TARGET = 12.3;
				MARKETING_VERSION = 1.0;
				PRODUCT_BUNDLE_IDENTIFIER = com.extensiontest.GitHubActionsUITestUITests;
				PRODUCT_NAME = "$(TARGET_NAME)";
				SDKROOT = auto;
				SUPPORTED_PLATFORMS = "iphoneos iphonesimulator macosx";
				SWIFT_EMIT_LOC_STRINGS = NO;
				SWIFT_VERSION = 5.0;
				TARGETED_DEVICE_FAMILY = "1,2";
				TEST_TARGET_NAME = GitHubActionsUITest;
			};
			name = Release;
		};
/* End XCBuildConfiguration section */

/* Begin XCConfigurationList section */
		84E6F18F29CC8281007341A3 /* Build configuration list for PBXProject "GitHubActionsUITest" */ = {
			isa = XCConfigurationList;
			buildConfigurations = (
				84E6F1B729CC8283007341A3 /* Debug */,
				84E6F1B829CC8283007341A3 /* Release */,
			);
			defaultConfigurationIsVisible = 0;
			defaultConfigurationName = Release;
		};
		84E6F1B929CC8283007341A3 /* Build configuration list for PBXNativeTarget "GitHubActionsUITest" */ = {
			isa = XCConfigurationList;
			buildConfigurations = (
				84E6F1BA29CC8283007341A3 /* Debug */,
				84E6F1BB29CC8283007341A3 /* Release */,
			);
			defaultConfigurationIsVisible = 0;
			defaultConfigurationName = Release;
		};
		84E6F1BC29CC8283007341A3 /* Build configuration list for PBXNativeTarget "GitHubActionsUITestTests" */ = {
			isa = XCConfigurationList;
			buildConfigurations = (
				84E6F1BD29CC8283007341A3 /* Debug */,
				84E6F1BE29CC8283007341A3 /* Release */,
			);
			defaultConfigurationIsVisible = 0;
			defaultConfigurationName = Release;
		};
		84E6F1BF29CC8283007341A3 /* Build configuration list for PBXNativeTarget "GitHubActionsUITestUITests" */ = {
			isa = XCConfigurationList;
			buildConfigurations = (
				84E6F1C029CC8283007341A3 /* Debug */,
				84E6F1C129CC8283007341A3 /* Release */,
			);
			defaultConfigurationIsVisible = 0;
			defaultConfigurationName = Release;
		};
/* End XCConfigurationList section */
	};
	rootObject = 84E6F18C29CC8281007341A3 /* Project object */;
}
